{
  "nodes": {
    "nixpkgs": {
      "locked": {
        "lastModified": 1632291606,
        "narHash": "sha256-oEN24XJYAFK9tsD13TzLEizpgQigEfgC6i9x1b/1pVU=",
        "owner": "NixOS",
        "repo": "nixpkgs",
        "rev": "83413f47809790e4ca012e314e7782adeae36cf2",
        "type": "github"
      },
      "original": {
        "owner": "NixOS",
        "ref": "nixos-21.05",
        "repo": "nixpkgs",
        "type": "github"
      }
    },
    "root": {
      "inputs": {
        "nixpkgs": "nixpkgs",
        "sops-nix": "sops-nix",
        "wat": "wat"
      }
    },
    "sops-nix": {
      "inputs": {
        "nixpkgs": [
          "nixpkgs"
        ]
      },
      "locked": {
        "lastModified": 1631947413,
        "narHash": "sha256-3SNkyah7LsZnO5dDToKb81BtuaClorZB8CEyPToSRT0=",
        "owner": "Mic92",
        "repo": "sops-nix",
        "rev": "9d47d2e3e4ab5e7d8907e2ea977b69afab7312d5",
        "type": "github"
      },
      "original": {
        "owner": "Mic92",
        "repo": "sops-nix",
        "type": "github"
      }
    },
    "wat": {
      "inputs": {
        "nixpkgs": [
          "nixpkgs"
        ]
      },
      "locked": {
        "lastModified": 1631478181,
        "narHash": "sha256-IB3uhDCInqB7UR93aJx8QdWAvXHwS5CFe1v87wLIB8Y=",
        "owner": "thelegy",
        "repo": "wat",
        "rev": "0c4722acce65bafdfab6f99bcef8f24b5f9b3255",
        "type": "github"
      },
      "original": {
        "owner": "thelegy",
        "repo": "wat",
        "type": "github"
      }
    }
  },
  "root": "root",
  "version": 7
}
