{
  "nodes": {
    "dependencyDagOfSubmodule": {
      "inputs": {
        "nixpkgs": [
          "wat",
          "nixpkgs"
        ]
      },
      "locked": {
        "lastModified": 1655242631,
        "narHash": "sha256-GoB43hCj7wf/QL2J4afDsWQJZSAnRuNQi97uOWKryD8=",
        "owner": "thelegy",
        "repo": "nix-dependencyDagOfSubmodule",
        "rev": "b565ef8f48c82955a1f46ecea56ff4ca06929ab8",
        "type": "github"
      },
      "original": {
        "owner": "thelegy",
        "repo": "nix-dependencyDagOfSubmodule",
        "type": "github"
      }
    },
    "komapedia": {
      "inputs": {
        "legacy-packages": "legacy-packages",
        "nixpkgs": [
          "nixpkgs"
        ]
      },
      "locked": {
        "lastModified": 1661714923,
        "narHash": "sha256-XFClMHAebSwgA40SWcQ56v/YZWiEguwjQ7eerQRcN+g=",
        "owner": "Die-KoMa",
        "repo": "mediawiki",
        "rev": "461c84773aa3c86b7e0b9665ef01a6146a392239",
        "type": "github"
      },
      "original": {
        "owner": "Die-KoMa",
        "repo": "mediawiki",
        "type": "github"
      }
    },
    "legacy-packages": {
      "locked": {
        "lastModified": 1620055814,
        "narHash": "sha256-8LEHoYSJiL901bTMVatq+rf8y7QtWuZhwwpKE2fyaRY=",
        "owner": "NixOS",
        "repo": "nixpkgs",
        "rev": "1db42b7fe3878f3f5f7a4f2dc210772fd080e205",
        "type": "github"
      },
      "original": {
        "owner": "NixOS",
        "ref": "nixos-20.03",
        "repo": "nixpkgs",
        "type": "github"
      }
    },
    "nixpkgs": {
      "locked": {
        "lastModified": 1669378442,
        "narHash": "sha256-nm+4PN0A4SnV0SzEchxrMyKPvI3Ld/aoom4PnHeHucs=",
        "owner": "NixOS",
        "repo": "nixpkgs",
        "rev": "0faaf0a9bb6dedb69bfd43ac06fb27fadc476c51",
        "type": "github"
      },
      "original": {
        "owner": "NixOS",
        "ref": "nixos-22.05",
        "repo": "nixpkgs",
        "type": "github"
      }
    },
    "nixpkgs-22_05": {
      "locked": {
        "lastModified": 1668908668,
        "narHash": "sha256-oimCE4rY7Btuo/VYmA8khIyTHSMV7qUWTpz9w8yc9LQ=",
        "owner": "NixOS",
        "repo": "nixpkgs",
        "rev": "b68a6a27adb452879ab66c0eaac0c133e32823b2",
        "type": "github"
      },
      "original": {
        "owner": "NixOS",
        "ref": "release-22.05",
        "repo": "nixpkgs",
        "type": "github"
      }
    },
    "root": {
      "inputs": {
        "komapedia": "komapedia",
        "nixpkgs": "nixpkgs",
        "sops-nix": "sops-nix",
        "wat": "wat"
      }
    },
    "sops-nix": {
      "inputs": {
        "nixpkgs": [
          "nixpkgs"
        ],
        "nixpkgs-22_05": "nixpkgs-22_05"
      },
      "locked": {
        "lastModified": 1668915833,
        "narHash": "sha256-7VYPiDJZdGct8Nl3kKhg580XZfoRcViO+zUGPkfBsqM=",
        "owner": "Mic92",
        "repo": "sops-nix",
        "rev": "f72e050c3ef148b1131a0d2df55385c045e4166b",
        "type": "github"
      },
      "original": {
        "owner": "Mic92",
        "repo": "sops-nix",
        "type": "github"
      }
    },
    "wat": {
      "inputs": {
        "dependencyDagOfSubmodule": "dependencyDagOfSubmodule",
        "nixpkgs": [
          "nixpkgs"
        ]
      },
      "locked": {
        "lastModified": 1673372077,
        "narHash": "sha256-deTyjxTVuXrB5TK/WasL+n+OSeifLkGf5Ch2ETMlVyw=",
        "owner": "thelegy",
        "repo": "wat",
        "rev": "23405784a36790347c3e0cfad45d9b837421aba7",
        "type": "github"
      },
      "original": {
        "owner": "thelegy",
        "repo": "wat",
        "type": "github"
      }
    }
  },
  "root": "root",
  "version": 7
}
